
Microsoft Visual Studio Solution File, Format Version 12.00
# Visual Studio Version 17
VisualStudioVersion = 17.5.33530.505
MinimumVisualStudioVersion = 10.0.40219.1
Project("{9A19103F-16F7-4668-BE54-9A1E7A4F7556}") = "SampleWebApi", "SampleWebApi.csproj", "{9DA7A670-BBC1-4D1F-9F01-174B98781333}"
EndProject
Project("{FAE04EC0-301F-11D3-BF4B-00C04F79EFBC}") = "TaskApplication", "..\TaskApplication\TaskApplication.csproj", "{067C5EED-7316-4A8B-A325-596799E19278}"
EndProject
Global
	GlobalSection(SolutionConfigurationPlatforms) = preSolution
		Debug|Any CPU = Debug|Any CPU
		Release|Any CPU = Release|Any CPU
	EndGlobalSection
	GlobalSection(ProjectConfigurationPlatforms) = postSolution
		{9DA7A670-BBC1-4D1F-9F01-174B98781333}.Debug|Any CPU.ActiveCfg = Debug|Any CPU
		{9DA7A670-BBC1-4D1F-9F01-174B98781333}.Debug|Any CPU.Build.0 = Debug|Any CPU
		{9DA7A670-BBC1-4D1F-9F01-174B98781333}.Release|Any CPU.ActiveCfg = Release|Any CPU
		{9DA7A670-BBC1-4D1F-9F01-174B98781333}.Release|Any CPU.Build.0 = Release|Any CPU
		{067C5EED-7316-4A8B-A325-596799E19278}.Debug|Any CPU.ActiveCfg = Debug|Any CPU
		{067C5EED-7316-4A8B-A325-596799E19278}.Debug|Any CPU.Build.0 = Debug|Any CPU
		{067C5EED-7316-4A8B-A325-596799E19278}.Release|Any CPU.ActiveCfg = Release|Any CPU
		{067C5EED-7316-4A8B-A325-596799E19278}.Release|Any CPU.Build.0 = Release|Any CPU
	EndGlobalSection
	GlobalSection(SolutionProperties) = preSolution
		HideSolutionNode = FALSE
	EndGlobalSection
	GlobalSection(ExtensibilityGlobals) = postSolution
		SolutionGuid = {13A1D3B3-515A-4CAD-BB89-B113ECF0CE00}
	EndGlobalSection
EndGlobal
